{
  "name": "tree",
  "version": "1.0.0",
  "lockfileVersion": 2,
  "requires": true,
  "packages": {
    "": {
      "name": "tree",
      "version": "1.0.0",
      "license": "ISC",
      "dependencies": {
        "merkle-tree-gen": "^1.1.0"
      }
    },
    "node_modules/chunking-streams": {
      "version": "0.0.8",
      "resolved": "https://registry.npmjs.org/chunking-streams/-/chunking-streams-0.0.8.tgz",
      "integrity": "sha512-/yaUlsO8Wwz6fH4+YtCaPyvgdZ2umPYgrhFFF0O42rPC7vXLAeAfV3nszHwa34Y0JQmotqGovcZ2D8injwRcHA==",
      "engines": {
        "node": ">=0.10"
      }
    },
    "node_modules/collections": {
      "version": "3.0.0",
      "resolved": "https://registry.npmjs.org/collections/-/collections-3.0.0.tgz",
      "integrity": "sha512-ZcLwSBMEktp13cgsNTQGMVDoIKF6y2L7+0l3Ur6G3miB++aRpgiz7Hc4vvChtbALY7ce6LdUPnkw5goKQTmjdg==",
      "dependencies": {
        "weak-map": "~1.0.x"
      }
    },
    "node_modules/hasha": {
      "version": "2.2.0",
      "resolved": "https://registry.npmjs.org/hasha/-/hasha-2.2.0.tgz",
      "integrity": "sha512-jZ38TU/EBiGKrmyTNNZgnvCZHNowiRI4+w/I9noMlekHTZH3KyGgvJLmhSgykeAQ9j2SYPDosM0Bg3wHfzibAQ==",
      "dependencies": {
        "is-stream": "^1.0.1",
        "pinkie-promise": "^2.0.0"
      },
      "engines": {
        "node": ">=0.10.0"
      }
    },
    "node_modules/is-stream": {
      "version": "1.1.0",
      "resolved": "https://registry.npmjs.org/is-stream/-/is-stream-1.1.0.tgz",
      "integrity": "sha512-uQPm8kcs47jx38atAcWTVxyltQYoPT68y9aWYdV6yWXSyW8mzSat0TL6CiWdZeCdF3KrAvpVtnHbTv4RN+rqdQ==",
      "engines": {
        "node": ">=0.10.0"
      }
    },
    "node_modules/merkle-tree-gen": {
      "version": "1.1.0",
      "resolved": "https://registry.npmjs.org/merkle-tree-gen/-/merkle-tree-gen-1.1.0.tgz",
      "integrity": "sha512-HWps/ez6N+URsVIw27iasS0GzdTcZq6nQ7ErwnMRUJgAAJWl4GOvMOT4vQNyhP3mMuVX6DQYZugIaI9HYStmCg==",
      "dependencies": {
        "chunking-streams": "0.0.8",
        "collections": "^3.0.0",
        "hasha": "^2.2.0"
      }
    },
    "node_modules/pinkie": {
      "version": "2.0.4",
      "resolved": "https://registry.npmjs.org/pinkie/-/pinkie-2.0.4.tgz",
      "integrity": "sha512-MnUuEycAemtSaeFSjXKW/aroV7akBbY+Sv+RkyqFjgAe73F+MR0TBWKBRDkmfWq/HiFmdavfZ1G7h4SPZXaCSg==",
      "engines": {
        "node": ">=0.10.0"
      }
    },
    "node_modules/pinkie-promise": {
      "version": "2.0.1",
      "resolved": "https://registry.npmjs.org/pinkie-promise/-/pinkie-promise-2.0.1.tgz",
      "integrity": "sha512-0Gni6D4UcLTbv9c57DfxDGdr41XfgUjqWZu492f0cIGr16zDU06BWP/RAEvOuo7CQ0CNjHaLlM59YJJFm3NWlw==",
      "dependencies": {
        "pinkie": "^2.0.0"
      },
      "engines": {
        "node": ">=0.10.0"
      }
    },
    "node_modules/weak-map": {
      "version": "1.0.8",
      "resolved": "https://registry.npmjs.org/weak-map/-/weak-map-1.0.8.tgz",
      "integrity": "sha512-lNR9aAefbGPpHO7AEnY0hCFjz1eTkWCXYvkTRrTHs9qv8zJp+SkVYpzfLIFXQQiG3tVvbNFQgVg2bQS8YGgxyw=="
    }
  },
  "dependencies": {
    "chunking-streams": {
      "version": "0.0.8",
      "resolved": "https://registry.npmjs.org/chunking-streams/-/chunking-streams-0.0.8.tgz",
      "integrity": "sha512-/yaUlsO8Wwz6fH4+YtCaPyvgdZ2umPYgrhFFF0O42rPC7vXLAeAfV3nszHwa34Y0JQmotqGovcZ2D8injwRcHA=="
    },
    "collections": {
      "version": "3.0.0",
      "resolved": "https://registry.npmjs.org/collections/-/collections-3.0.0.tgz",
      "integrity": "sha512-ZcLwSBMEktp13cgsNTQGMVDoIKF6y2L7+0l3Ur6G3miB++aRpgiz7Hc4vvChtbALY7ce6LdUPnkw5goKQTmjdg==",
      "requires": {
        "weak-map": "~1.0.x"
      }
    },
    "hasha": {
      "version": "2.2.0",
      "resolved": "https://registry.npmjs.org/hasha/-/hasha-2.2.0.tgz",
      "integrity": "sha512-jZ38TU/EBiGKrmyTNNZgnvCZHNowiRI4+w/I9noMlekHTZH3KyGgvJLmhSgykeAQ9j2SYPDosM0Bg3wHfzibAQ==",
      "requires": {
        "is-stream": "^1.0.1",
        "pinkie-promise": "^2.0.0"
      }
    },
    "is-stream": {
      "version": "1.1.0",
      "resolved": "https://registry.npmjs.org/is-stream/-/is-stream-1.1.0.tgz",
      "integrity": "sha512-uQPm8kcs47jx38atAcWTVxyltQYoPT68y9aWYdV6yWXSyW8mzSat0TL6CiWdZeCdF3KrAvpVtnHbTv4RN+rqdQ=="
    },
    "merkle-tree-gen": {
      "version": "1.1.0",
      "resolved": "https://registry.npmjs.org/merkle-tree-gen/-/merkle-tree-gen-1.1.0.tgz",
      "integrity": "sha512-HWps/ez6N+URsVIw27iasS0GzdTcZq6nQ7ErwnMRUJgAAJWl4GOvMOT4vQNyhP3mMuVX6DQYZugIaI9HYStmCg==",
      "requires": {
        "chunking-streams": "0.0.8",
        "collections": "^3.0.0",
        "hasha": "^2.2.0"
      }
    },
    "pinkie": {
      "version": "2.0.4",
      "resolved": "https://registry.npmjs.org/pinkie/-/pinkie-2.0.4.tgz",
      "integrity": "sha512-MnUuEycAemtSaeFSjXKW/aroV7akBbY+Sv+RkyqFjgAe73F+MR0TBWKBRDkmfWq/HiFmdavfZ1G7h4SPZXaCSg=="
    },
    "pinkie-promise": {
      "version": "2.0.1",
      "resolved": "https://registry.npmjs.org/pinkie-promise/-/pinkie-promise-2.0.1.tgz",
      "integrity": "sha512-0Gni6D4UcLTbv9c57DfxDGdr41XfgUjqWZu492f0cIGr16zDU06BWP/RAEvOuo7CQ0CNjHaLlM59YJJFm3NWlw==",
      "requires": {
        "pinkie": "^2.0.0"
      }
    },
    "weak-map": {
      "version": "1.0.8",
      "resolved": "https://registry.npmjs.org/weak-map/-/weak-map-1.0.8.tgz",
      "integrity": "sha512-lNR9aAefbGPpHO7AEnY0hCFjz1eTkWCXYvkTRrTHs9qv8zJp+SkVYpzfLIFXQQiG3tVvbNFQgVg2bQS8YGgxyw=="
    }
  }
}
